
Microsoft Visual Studio Solution File, Format Version 12.00
# Visual Studio Version 16
VisualStudioVersion = 16.0.29806.167
MinimumVisualStudioVersion = 10.0.40219.1
Project("{8BC9CEB8-8B4A-11D0-8D11-00A0C91BC942}") = "C++__LM1029-API", "C++__LM1029-API\C++__LM1029-API.vcxproj", "{6DB1F7BF-B0BA-436E-ABE0-65E62B1F8035}"
EndProject
Project("{8BC9CEB8-8B4A-11D0-8D11-00A0C91BC942}") = "TryCode", "TryCode\TryCode.vcxproj", "{45FEF0FF-8665-4E8A-A3F1-536435EC9ADD}"
EndProject
Project("{FAE04EC0-301F-11D3-BF4B-00C04F79EFBC}") = "CSharp_TryCode", "CSharp_TryCode\CSharp_TryCode.csproj", "{2FCB2EA3-0635-49C1-8833-0A6DCE368A37}"
EndProject
Global
	GlobalSection(SolutionConfigurationPlatforms) = preSolution
		Debug|Any CPU = Debug|Any CPU
		Debug|x64 = Debug|x64
		Debug|x86 = Debug|x86
		Release|Any CPU = Release|Any CPU
		Release|x64 = Release|x64
		Release|x86 = Release|x86
	EndGlobalSection
	GlobalSection(ProjectConfigurationPlatforms) = postSolution
		{6DB1F7BF-B0BA-436E-ABE0-65E62B1F8035}.Debug|Any CPU.ActiveCfg = Debug|Win32
		{6DB1F7BF-B0BA-436E-ABE0-65E62B1F8035}.Debug|Any CPU.Build.0 = Debug|Win32
		{6DB1F7BF-B0BA-436E-ABE0-65E62B1F8035}.Debug|x64.ActiveCfg = Debug|x64
		{6DB1F7BF-B0BA-436E-ABE0-65E62B1F8035}.Debug|x64.Build.0 = Debug|x64
		{6DB1F7BF-B0BA-436E-ABE0-65E62B1F8035}.Debug|x86.ActiveCfg = Debug|Win32
		{6DB1F7BF-B0BA-436E-ABE0-65E62B1F8035}.Debug|x86.Build.0 = Debug|Win32
		{6DB1F7BF-B0BA-436E-ABE0-65E62B1F8035}.Release|Any CPU.ActiveCfg = Release|Win32
		{6DB1F7BF-B0BA-436E-ABE0-65E62B1F8035}.Release|x64.ActiveCfg = Release|x64
		{6DB1F7BF-B0BA-436E-ABE0-65E62B1F8035}.Release|x64.Build.0 = Release|x64
		{6DB1F7BF-B0BA-436E-ABE0-65E62B1F8035}.Release|x86.ActiveCfg = Release|Win32
		{6DB1F7BF-B0BA-436E-ABE0-65E62B1F8035}.Release|x86.Build.0 = Release|Win32
		{45FEF0FF-8665-4E8A-A3F1-536435EC9ADD}.Debug|Any CPU.ActiveCfg = Debug|Win32
		{45FEF0FF-8665-4E8A-A3F1-536435EC9ADD}.Debug|Any CPU.Build.0 = Debug|Win32
		{45FEF0FF-8665-4E8A-A3F1-536435EC9ADD}.Debug|x64.ActiveCfg = Debug|x64
		{45FEF0FF-8665-4E8A-A3F1-536435EC9ADD}.Debug|x64.Build.0 = Debug|x64
		{45FEF0FF-8665-4E8A-A3F1-536435EC9ADD}.Debug|x86.ActiveCfg = Debug|Win32
		{45FEF0FF-8665-4E8A-A3F1-536435EC9ADD}.Debug|x86.Build.0 = Debug|Win32
		{45FEF0FF-8665-4E8A-A3F1-536435EC9ADD}.Release|Any CPU.ActiveCfg = Release|Win32
		{45FEF0FF-8665-4E8A-A3F1-536435EC9ADD}.Release|x64.ActiveCfg = Release|x64
		{45FEF0FF-8665-4E8A-A3F1-536435EC9ADD}.Release|x64.Build.0 = Release|x64
		{45FEF0FF-8665-4E8A-A3F1-536435EC9ADD}.Release|x86.ActiveCfg = Release|Win32
		{45FEF0FF-8665-4E8A-A3F1-536435EC9ADD}.Release|x86.Build.0 = Release|Win32
		{2FCB2EA3-0635-49C1-8833-0A6DCE368A37}.Debug|Any CPU.ActiveCfg = Debug|Any CPU
		{2FCB2EA3-0635-49C1-8833-0A6DCE368A37}.Debug|Any CPU.Build.0 = Debug|Any CPU
		{2FCB2EA3-0635-49C1-8833-0A6DCE368A37}.Debug|x64.ActiveCfg = Debug|x64
		{2FCB2EA3-0635-49C1-8833-0A6DCE368A37}.Debug|x64.Build.0 = Debug|x64
		{2FCB2EA3-0635-49C1-8833-0A6DCE368A37}.Debug|x86.ActiveCfg = Debug|x86
		{2FCB2EA3-0635-49C1-8833-0A6DCE368A37}.Debug|x86.Build.0 = Debug|x86
		{2FCB2EA3-0635-49C1-8833-0A6DCE368A37}.Release|Any CPU.ActiveCfg = Release|Any CPU
		{2FCB2EA3-0635-49C1-8833-0A6DCE368A37}.Release|Any CPU.Build.0 = Release|Any CPU
		{2FCB2EA3-0635-49C1-8833-0A6DCE368A37}.Release|x64.ActiveCfg = Release|x64
		{2FCB2EA3-0635-49C1-8833-0A6DCE368A37}.Release|x64.Build.0 = Release|x64
		{2FCB2EA3-0635-49C1-8833-0A6DCE368A37}.Release|x86.ActiveCfg = Release|x86
		{2FCB2EA3-0635-49C1-8833-0A6DCE368A37}.Release|x86.Build.0 = Release|x86
	EndGlobalSection
	GlobalSection(SolutionProperties) = preSolution
		HideSolutionNode = FALSE
	EndGlobalSection
	GlobalSection(ExtensibilityGlobals) = postSolution
		SolutionGuid = {BB68FBA3-4DDB-4CB3-B21C-4B3DC3ECA692}
	EndGlobalSection
EndGlobal
